
Microsoft Visual Studio Solution File, Format Version 12.00
# Visual Studio Version 17
VisualStudioVersion = 17.11.35222.181
MinimumVisualStudioVersion = 10.0.40219.1
Project("{FAE04EC0-301F-11D3-BF4B-00C04F79EFBC}") = "InterpreterDesignPattern", "InterpreterDesignPattern\InterpreterDesignPattern.csproj", "{732F314E-8009-4655-9A56-69CC6BFFE9CA}"
EndProject
Project("{FAE04EC0-301F-11D3-BF4B-00C04F79EFBC}") = "InterpreterDesignPattern.Tests", "InterpreterDesignPattern.Tests\InterpreterDesignPattern.Tests.csproj", "{AB11715E-6B10-49DC-A084-06FC3B768745}"
EndProject
Global
	GlobalSection(SolutionConfigurationPlatforms) = preSolution
		Debug|Any CPU = Debug|Any CPU
		Release|Any CPU = Release|Any CPU
	EndGlobalSection
	GlobalSection(ProjectConfigurationPlatforms) = postSolution
		{732F314E-8009-4655-9A56-69CC6BFFE9CA}.Debug|Any CPU.ActiveCfg = Debug|Any CPU
		{732F314E-8009-4655-9A56-69CC6BFFE9CA}.Debug|Any CPU.Build.0 = Debug|Any CPU
		{732F314E-8009-4655-9A56-69CC6BFFE9CA}.Release|Any CPU.ActiveCfg = Release|Any CPU
		{732F314E-8009-4655-9A56-69CC6BFFE9CA}.Release|Any CPU.Build.0 = Release|Any CPU
		{AB11715E-6B10-49DC-A084-06FC3B768745}.Debug|Any CPU.ActiveCfg = Debug|Any CPU
		{AB11715E-6B10-49DC-A084-06FC3B768745}.Debug|Any CPU.Build.0 = Debug|Any CPU
		{AB11715E-6B10-49DC-A084-06FC3B768745}.Release|Any CPU.ActiveCfg = Release|Any CPU
		{AB11715E-6B10-49DC-A084-06FC3B768745}.Release|Any CPU.Build.0 = Release|Any CPU
	EndGlobalSection
	GlobalSection(SolutionProperties) = preSolution
		HideSolutionNode = FALSE
	EndGlobalSection
	GlobalSection(ExtensibilityGlobals) = postSolution
		SolutionGuid = {684F907D-ED9A-453D-B931-A331379C25A1}
	EndGlobalSection
EndGlobal
